
Microsoft Visual Studio Solution File, Format Version 12.00
# Visual Studio Version 17
VisualStudioVersion = 17.5.33414.496
MinimumVisualStudioVersion = 10.0.40219.1
Project("{FAE04EC0-301F-11D3-BF4B-00C04F79EFBC}") = "VoceDisseInterfaces", "VoceDisseInterfaces.csproj", "{5DBEAFF8-1743-495E-B93E-444D6E0178BB}"
EndProject
Global
	GlobalSection(SolutionConfigurationPlatforms) = preSolution
		Debug|Any CPU = Debug|Any CPU
		Release|Any CPU = Release|Any CPU
	EndGlobalSection
	GlobalSection(ProjectConfigurationPlatforms) = postSolution
		{5DBEAFF8-1743-495E-B93E-444D6E0178BB}.Debug|Any CPU.ActiveCfg = Debug|Any CPU
		{5DBEAFF8-1743-495E-B93E-444D6E0178BB}.Debug|Any CPU.Build.0 = Debug|Any CPU
		{5DBEAFF8-1743-495E-B93E-444D6E0178BB}.Release|Any CPU.ActiveCfg = Release|Any CPU
		{5DBEAFF8-1743-495E-B93E-444D6E0178BB}.Release|Any CPU.Build.0 = Release|Any CPU
	EndGlobalSection
	GlobalSection(SolutionProperties) = preSolution
		HideSolutionNode = FALSE
	EndGlobalSection
	GlobalSection(ExtensibilityGlobals) = postSolution
		SolutionGuid = {CADF7D39-8DFE-4A22-8A70-C6477C901D0C}
	EndGlobalSection
EndGlobal
